
Microsoft Visual Studio Solution File, Format Version 11.00
# Visual Studio 2010
Project("{FAE04EC0-301F-11D3-BF4B-00C04F79EFBC}") = "Assembly-CSharp", "Assembly-CSharp.csproj", "{3C042EED-EA33-52FE-D0F0-306C411F64C1}"
EndProject
Project("{FAE04EC0-301F-11D3-BF4B-00C04F79EFBC}") = "Assembly-CSharp-firstpass", "Assembly-CSharp-firstpass.csproj", "{64B23B9F-A6DB-9BA5-5BB1-0312E50F8D11}"
EndProject
Project("{FAE04EC0-301F-11D3-BF4B-00C04F79EFBC}") = "Assembly-CSharp-Editor-firstpass", "Assembly-CSharp-Editor-firstpass.csproj", "{64A60024-9859-9671-857A-5B4E877173D1}"
EndProject
Project("{FAE04EC0-301F-11D3-BF4B-00C04F79EFBC}") = "Assembly-CSharp-Editor", "Assembly-CSharp-Editor.csproj", "{F249A829-D184-51CD-8324-0217E6015773}"
EndProject
Global
	GlobalSection(SolutionConfigurationPlatforms) = preSolution
		Debug|Any CPU = Debug|Any CPU
		Release|Any CPU = Release|Any CPU
	EndGlobalSection
	GlobalSection(ProjectConfigurationPlatforms) = postSolution
		{3C042EED-EA33-52FE-D0F0-306C411F64C1}.Debug|Any CPU.ActiveCfg = Debug|Any CPU
		{3C042EED-EA33-52FE-D0F0-306C411F64C1}.Debug|Any CPU.Build.0 = Debug|Any CPU
		{3C042EED-EA33-52FE-D0F0-306C411F64C1}.Release|Any CPU.ActiveCfg = Release|Any CPU
		{3C042EED-EA33-52FE-D0F0-306C411F64C1}.Release|Any CPU.Build.0 = Release|Any CPU
		{64B23B9F-A6DB-9BA5-5BB1-0312E50F8D11}.Debug|Any CPU.ActiveCfg = Debug|Any CPU
		{64B23B9F-A6DB-9BA5-5BB1-0312E50F8D11}.Debug|Any CPU.Build.0 = Debug|Any CPU
		{64B23B9F-A6DB-9BA5-5BB1-0312E50F8D11}.Release|Any CPU.ActiveCfg = Release|Any CPU
		{64B23B9F-A6DB-9BA5-5BB1-0312E50F8D11}.Release|Any CPU.Build.0 = Release|Any CPU
		{64A60024-9859-9671-857A-5B4E877173D1}.Debug|Any CPU.ActiveCfg = Debug|Any CPU
		{64A60024-9859-9671-857A-5B4E877173D1}.Debug|Any CPU.Build.0 = Debug|Any CPU
		{64A60024-9859-9671-857A-5B4E877173D1}.Release|Any CPU.ActiveCfg = Release|Any CPU
		{64A60024-9859-9671-857A-5B4E877173D1}.Release|Any CPU.Build.0 = Release|Any CPU
		{F249A829-D184-51CD-8324-0217E6015773}.Debug|Any CPU.ActiveCfg = Debug|Any CPU
		{F249A829-D184-51CD-8324-0217E6015773}.Debug|Any CPU.Build.0 = Debug|Any CPU
		{F249A829-D184-51CD-8324-0217E6015773}.Release|Any CPU.ActiveCfg = Release|Any CPU
		{F249A829-D184-51CD-8324-0217E6015773}.Release|Any CPU.Build.0 = Release|Any CPU
	EndGlobalSection
	GlobalSection(SolutionProperties) = preSolution
		HideSolutionNode = FALSE
	EndGlobalSection
EndGlobal
